
Microsoft Visual Studio Solution File, Format Version 12.00
# Visual Studio 15
VisualStudioVersion = 15.0.27428.2043
MinimumVisualStudioVersion = 10.0.40219.1
Project("{9A19103F-16F7-4668-BE54-9A1E7A4F7556}") = "Miki.Webhooks.Listener", "Miki.Webhooks.Listener\Miki.Webhooks.Listener.csproj", "{3CF5066D-90E2-44EA-80A5-252C230C690C}"
EndProject
Project("{9A19103F-16F7-4668-BE54-9A1E7A4F7556}") = "Miki.Bot.Models", "Miki.Models\Miki.Bot.Models.csproj", "{1B34FF31-C06C-4058-AB0D-855E81F85E39}"
EndProject
Project("{9A19103F-16F7-4668-BE54-9A1E7A4F7556}") = "Miki.Discord.Rest", "..\..\Miki.Discord\Miki.Discord.Rest\Miki.Discord.Rest.csproj", "{1DFFD053-82DB-4F53-BE25-A76AECE3BEB4}"
EndProject
Project("{9A19103F-16F7-4668-BE54-9A1E7A4F7556}") = "Miki.Discord.Common", "..\..\Miki.Discord\Miki.Discord.Common\Miki.Discord.Common.csproj", "{AF6DB1DB-ECCF-4D43-95DE-A5CD82933B9F}"
EndProject
Global
	GlobalSection(SolutionConfigurationPlatforms) = preSolution
		Debug|Any CPU = Debug|Any CPU
		Release|Any CPU = Release|Any CPU
	EndGlobalSection
	GlobalSection(ProjectConfigurationPlatforms) = postSolution
		{3CF5066D-90E2-44EA-80A5-252C230C690C}.Debug|Any CPU.ActiveCfg = Debug|Any CPU
		{3CF5066D-90E2-44EA-80A5-252C230C690C}.Debug|Any CPU.Build.0 = Debug|Any CPU
		{3CF5066D-90E2-44EA-80A5-252C230C690C}.Release|Any CPU.ActiveCfg = Release|Any CPU
		{3CF5066D-90E2-44EA-80A5-252C230C690C}.Release|Any CPU.Build.0 = Release|Any CPU
		{1B34FF31-C06C-4058-AB0D-855E81F85E39}.Debug|Any CPU.ActiveCfg = Debug|Any CPU
		{1B34FF31-C06C-4058-AB0D-855E81F85E39}.Debug|Any CPU.Build.0 = Debug|Any CPU
		{1B34FF31-C06C-4058-AB0D-855E81F85E39}.Release|Any CPU.ActiveCfg = Release|Any CPU
		{1B34FF31-C06C-4058-AB0D-855E81F85E39}.Release|Any CPU.Build.0 = Release|Any CPU
		{1DFFD053-82DB-4F53-BE25-A76AECE3BEB4}.Debug|Any CPU.ActiveCfg = Debug|Any CPU
		{1DFFD053-82DB-4F53-BE25-A76AECE3BEB4}.Debug|Any CPU.Build.0 = Debug|Any CPU
		{1DFFD053-82DB-4F53-BE25-A76AECE3BEB4}.Release|Any CPU.ActiveCfg = Release|Any CPU
		{1DFFD053-82DB-4F53-BE25-A76AECE3BEB4}.Release|Any CPU.Build.0 = Release|Any CPU
		{AF6DB1DB-ECCF-4D43-95DE-A5CD82933B9F}.Debug|Any CPU.ActiveCfg = Debug|Any CPU
		{AF6DB1DB-ECCF-4D43-95DE-A5CD82933B9F}.Debug|Any CPU.Build.0 = Debug|Any CPU
		{AF6DB1DB-ECCF-4D43-95DE-A5CD82933B9F}.Release|Any CPU.ActiveCfg = Release|Any CPU
		{AF6DB1DB-ECCF-4D43-95DE-A5CD82933B9F}.Release|Any CPU.Build.0 = Release|Any CPU
	EndGlobalSection
	GlobalSection(SolutionProperties) = preSolution
		HideSolutionNode = FALSE
	EndGlobalSection
	GlobalSection(ExtensibilityGlobals) = postSolution
		SolutionGuid = {A5D27753-DC9F-40C2-BA0A-E25C7F6B4B46}
	EndGlobalSection
EndGlobal
