
Microsoft Visual Studio Solution File, Format Version 12.00
# Visual Studio 15
VisualStudioVersion = 15.0.27130.2010
MinimumVisualStudioVersion = 10.0.40219.1
Project("{9A19103F-16F7-4668-BE54-9A1E7A4F7556}") = "Miki.Webhooks.Listener", "Miki.Webhooks.Listener\Miki.Webhooks.Listener.csproj", "{3CF5066D-90E2-44EA-80A5-252C230C690C}"
EndProject
Project("{9A19103F-16F7-4668-BE54-9A1E7A4F7556}") = "Miki.Configuration", "..\..\Miki.Configuration\Miki.Configuration.csproj", "{87EBB073-DB8C-4548-90F6-EC287A9A120A}"
EndProject
Global
	GlobalSection(SolutionConfigurationPlatforms) = preSolution
		Debug|Any CPU = Debug|Any CPU
		Release|Any CPU = Release|Any CPU
	EndGlobalSection
	GlobalSection(ProjectConfigurationPlatforms) = postSolution
		{3CF5066D-90E2-44EA-80A5-252C230C690C}.Debug|Any CPU.ActiveCfg = Debug|Any CPU
		{3CF5066D-90E2-44EA-80A5-252C230C690C}.Debug|Any CPU.Build.0 = Debug|Any CPU
		{3CF5066D-90E2-44EA-80A5-252C230C690C}.Release|Any CPU.ActiveCfg = Release|Any CPU
		{3CF5066D-90E2-44EA-80A5-252C230C690C}.Release|Any CPU.Build.0 = Release|Any CPU
		{87EBB073-DB8C-4548-90F6-EC287A9A120A}.Debug|Any CPU.ActiveCfg = Debug|Any CPU
		{87EBB073-DB8C-4548-90F6-EC287A9A120A}.Debug|Any CPU.Build.0 = Debug|Any CPU
		{87EBB073-DB8C-4548-90F6-EC287A9A120A}.Release|Any CPU.ActiveCfg = Release|Any CPU
		{87EBB073-DB8C-4548-90F6-EC287A9A120A}.Release|Any CPU.Build.0 = Release|Any CPU
	EndGlobalSection
	GlobalSection(SolutionProperties) = preSolution
		HideSolutionNode = FALSE
	EndGlobalSection
	GlobalSection(ExtensibilityGlobals) = postSolution
		SolutionGuid = {A5D27753-DC9F-40C2-BA0A-E25C7F6B4B46}
	EndGlobalSection
EndGlobal
